{
  "name": "@socketoverride/deep-equal__get-intrinsic",
  "version": "1.0.3-deep-equal--get-intrinsic",
  "lockfileVersion": 3,
  "requires": true,
  "packages": {
    "": {
      "name": "@socketoverride/deep-equal__get-intrinsic",
      "version": "1.0.3-deep-equal--get-intrinsic",
      "license": "MIT",
      "engines": {
        "node": ">=18.20.4"
      }
    }
  }
}
