{
  "name": "@socketsecurity/hook-setup-security-tools",
  "lockfileVersion": 3,
  "requires": true,
  "packages": {
    "": {
      "name": "@socketsecurity/hook-setup-security-tools",
      "dependencies": {
        "@socketsecurity/lib": "5.15.0"
      }
    },
    "node_modules/@socketsecurity/lib": {
      "version": "5.15.0",
      "resolved": "https://registry.npmjs.org/@socketsecurity/lib/-/lib-5.15.0.tgz",
      "integrity": "sha512-+I7+lR0WBCXWgRxMTQx+N70azONVGr68ndi25pz53D6QLdIQ8gfBgOgC34opECXL9lPUqVCMYNr3XFS/bHABIQ==",
      "license": "MIT",
      "engines": {
        "node": ">=22",
        "pnpm": ">=10.25.0"
      },
      "peerDependencies": {
        "typescript": ">=5.0.0"
      },
      "peerDependenciesMeta": {
        "typescript": {
          "optional": true
        }
      }
    }
  }
}
