{
  "name": "@socketsecurity/hook-setup-security-tools",
  "lockfileVersion": 3,
  "requires": true,
  "packages": {
    "": {
      "name": "@socketsecurity/hook-setup-security-tools",
      "dependencies": {
        "@socketsecurity/lib-stable": "5.15.0",
        "zod": "4.1.12"
      }
    },
    "node_modules/@socketsecurity/lib-stable": {
      "version": "5.15.0",
      "resolved": "https://registry.npmjs.org/@socketsecurity/lib-stable/-/lib-5.15.0.tgz",
      "integrity": "sha512-+I7+lR0WBCXWgRxMTQx+N70azONVGr68ndi25pz53D6QLdIQ8gfBgOgC34opECXL9lPUqVCMYNr3XFS/bHABIQ==",
      "license": "MIT",
      "engines": {
        "node": ">=22",
        "pnpm": ">=10.25.0"
      },
      "peerDependencies": {
        "typescript": ">=5.0.0"
      },
      "peerDependenciesMeta": {
        "typescript": {
          "optional": true
        }
      }
    },
    "node_modules/zod": {
      "version": "4.1.12",
      "resolved": "https://registry.npmjs.org/zod/-/zod-4.1.12.tgz",
      "integrity": "sha512-JInaHOamG8pt5+Ey8kGmdcAcg3OL9reK8ltczgHTAwNhMys/6ThXHityHxVV2p3fkw/c+MAvBHFVYHFZDmjMCQ==",
      "license": "MIT",
      "funding": {
        "url": "https://github.com/sponsors/colinhacks"
      }
    }
  }
}
