{
  "name": "@socketoverride/deep-equal__call-bind",
  "version": "1.0.4-deep-equal--call-bind",
  "lockfileVersion": 3,
  "requires": true,
  "packages": {
    "": {
      "name": "@socketoverride/deep-equal__call-bind",
      "version": "1.0.4-deep-equal--call-bind",
      "license": "MIT",
      "engines": {
        "node": ">=18.20.4"
      }
    }
  }
}
